<?xml version="1.0" encoding="utf-8"?>
<Project ToolsVersion="4.0" xmlns="http://schemas.microsoft.com/developer/msbuild/2003">
  <ItemGroup>
    <Filter Include="소스 파일">
      <UniqueIdentifier>{4FC737F1-C7A5-4376-A066-2A32D752A2FF}</UniqueIdentifier>
      <Extensions>cpp;c;cc;cxx;c++;cppm;ixx;def;odl;idl;hpj;bat;asm;asmx</Extensions>
    </Filter>
    <Filter Include="헤더 파일">
      <UniqueIdentifier>{93995380-89BD-4b04-88EB-625FBE52EBFB}</UniqueIdentifier>
      <Extensions>h;hh;hpp;hxx;h++;hm;inl;inc;ipp;xsd</Extensions>
    </Filter>
    <Filter Include="리소스 파일">
      <UniqueIdentifier>{67DA6AB6-F800-4c08-8B7A-83BB121AAD01}</UniqueIdentifier>
      <Extensions>rc;ico;cur;bmp;dlg;rc2;rct;bin;rgs;gif;jpg;jpeg;jpe;resx;tiff;tif;png;wav;mfcribbon-ms</Extensions>
    </Filter>
    <Filter Include="소스 파일\shader file">
      <UniqueIdentifier>{4e747b40-94a3-411c-93c0-d93ba08aedfe}</UniqueIdentifier>
    </Filter>
    <Filter Include="소스 파일\객체 클래스">
      <UniqueIdentifier>{420c18f8-0d7c-4d84-8492-6ac31a29eed0}</UniqueIdentifier>
    </Filter>
  </ItemGroup>
  <ItemGroup>
    <ClCompile Include="base.cpp">
      <Filter>소스 파일</Filter>
    </ClCompile>
    <ClCompile Include="practice_8.cpp">
      <Filter>소스 파일</Filter>
    </ClCompile>
    <ClCompile Include="practice_9.cpp">
      <Filter>소스 파일</Filter>
    </ClCompile>
    <ClCompile Include="Object.cpp">
      <Filter>소스 파일\객체 클래스</Filter>
    </ClCompile>
    <ClCompile Include="Axis.cpp">
      <Filter>소스 파일\객체 클래스</Filter>
    </ClCompile>
    <ClCompile Include="Triangle.cpp">
      <Filter>소스 파일\객체 클래스</Filter>
    </ClCompile>
    <ClCompile Include="practice_10.cpp">
      <Filter>소스 파일</Filter>
    </ClCompile>
    <ClCompile Include="practice_11.cpp">
      <Filter>소스 파일</Filter>
    </ClCompile>
    <ClCompile Include="Spiral.cpp">
      <Filter>소스 파일\객체 클래스</Filter>
    </ClCompile>
    <ClCompile Include="Random.cpp">
      <Filter>소스 파일</Filter>
    </ClCompile>
    <ClCompile Include="practice_12.cpp">
      <Filter>소스 파일</Filter>
    </ClCompile>
    <ClCompile Include="TPentagon.cpp">
      <Filter>소스 파일\객체 클래스</Filter>
    </ClCompile>
    <ClCompile Include="practice_13.cpp">
      <Filter>소스 파일</Filter>
    </ClCompile>
    <ClCompile Include="TPentagon13.cpp">
      <Filter>소스 파일\객체 클래스</Filter>
    </ClCompile>
  </ItemGroup>
  <ItemGroup>
    <None Include="vertex.glsl">
      <Filter>소스 파일\shader file</Filter>
    </None>
    <None Include="fragment.glsl">
      <Filter>소스 파일\shader file</Filter>
    </None>
    <None Include="fragment_8.glsl">
      <Filter>소스 파일\shader file</Filter>
    </None>
    <None Include="vertex_8.glsl">
      <Filter>소스 파일\shader file</Filter>
    </None>
    <None Include="fragment_9.glsl">
      <Filter>소스 파일\shader file</Filter>
    </None>
    <None Include="vertex_9.glsl">
      <Filter>소스 파일\shader file</Filter>
    </None>
    <None Include="vertex_11.glsl">
      <Filter>소스 파일\shader file</Filter>
    </None>
    <None Include="fragment_11.glsl">
      <Filter>소스 파일\shader file</Filter>
    </None>
  </ItemGroup>
  <ItemGroup>
    <ClInclude Include="pch.h">
      <Filter>헤더 파일</Filter>
    </ClInclude>
    <ClInclude Include="Object.h">
      <Filter>소스 파일\객체 클래스</Filter>
    </ClInclude>
    <ClInclude Include="Axis.h">
      <Filter>소스 파일\객체 클래스</Filter>
    </ClInclude>
    <ClInclude Include="Triangle.h">
      <Filter>소스 파일\객체 클래스</Filter>
    </ClInclude>
    <ClInclude Include="Spiral.h">
      <Filter>소스 파일\객체 클래스</Filter>
    </ClInclude>
    <ClInclude Include="TPentagon.h">
      <Filter>소스 파일\객체 클래스</Filter>
    </ClInclude>
    <ClInclude Include="TPentagon13.h">
      <Filter>소스 파일\객체 클래스</Filter>
    </ClInclude>
  </ItemGroup>
</Project>