<?xml version="1.0" encoding="utf-8"?>
<Project ToolsVersion="4.0" xmlns="http://schemas.microsoft.com/developer/msbuild/2003">
  <ItemGroup>
    <Filter Include="소스 파일">
      <UniqueIdentifier>{4FC737F1-C7A5-4376-A066-2A32D752A2FF}</UniqueIdentifier>
      <Extensions>cpp;c;cc;cxx;c++;cppm;ixx;def;odl;idl;hpj;bat;asm;asmx</Extensions>
    </Filter>
    <Filter Include="헤더 파일">
      <UniqueIdentifier>{93995380-89BD-4b04-88EB-625FBE52EBFB}</UniqueIdentifier>
      <Extensions>h;hh;hpp;hxx;h++;hm;inl;inc;ipp;xsd</Extensions>
    </Filter>
    <Filter Include="리소스 파일">
      <UniqueIdentifier>{67DA6AB6-F800-4c08-8B7A-83BB121AAD01}</UniqueIdentifier>
      <Extensions>rc;ico;cur;bmp;dlg;rc2;rct;bin;rgs;gif;jpg;jpeg;jpe;resx;tiff;tif;png;wav;mfcribbon-ms</Extensions>
    </Filter>
    <Filter Include="소스 파일\셰이더 파일">
      <UniqueIdentifier>{6190a2c2-5796-4349-96f8-1e94b8b52fe8}</UniqueIdentifier>
    </Filter>
    <Filter Include="소스 파일\객체">
      <UniqueIdentifier>{2f280eab-7432-43aa-8466-05c92574034e}</UniqueIdentifier>
    </Filter>
    <Filter Include="소스 파일\객체\좌표계">
      <UniqueIdentifier>{b19ee737-8277-4413-a6d6-5ba6d0a244c2}</UniqueIdentifier>
    </Filter>
    <Filter Include="소스 파일\객체\정육면체">
      <UniqueIdentifier>{5f34c0bf-79ef-46cf-8fab-199b5e85f267}</UniqueIdentifier>
    </Filter>
    <Filter Include="소스 파일\객체\궤도">
      <UniqueIdentifier>{d7b4cf9f-caa0-49a9-a591-04f9b52b6a85}</UniqueIdentifier>
    </Filter>
    <Filter Include="소스 파일\객체\행성">
      <UniqueIdentifier>{62498812-db92-4ed6-8644-b16ea6670930}</UniqueIdentifier>
    </Filter>
    <Filter Include="소스 파일\객체\사각뿔">
      <UniqueIdentifier>{e31f0720-af0d-42cc-8d08-9a18f583b266}</UniqueIdentifier>
    </Filter>
    <Filter Include="소스 파일\메인 파일">
      <UniqueIdentifier>{a29c3267-e9bb-4b02-9768-45b31eb12b0e}</UniqueIdentifier>
    </Filter>
    <Filter Include="소스 파일\트리 구조">
      <UniqueIdentifier>{be5d47e8-8ba5-42d7-a446-4629d369aa6c}</UniqueIdentifier>
    </Filter>
    <Filter Include="소스 파일\객체\탱크">
      <UniqueIdentifier>{497397d7-0d10-4874-b72a-a82da0ef7b0a}</UniqueIdentifier>
    </Filter>
    <Filter Include="소스 파일\객체\바닥">
      <UniqueIdentifier>{2ffda53b-d4b6-417d-a385-b212e2b7269b}</UniqueIdentifier>
    </Filter>
    <Filter Include="소스 파일\객체\로봇">
      <UniqueIdentifier>{49bb81bc-2543-4f7a-8dcd-4fcdd36727cb}</UniqueIdentifier>
    </Filter>
    <Filter Include="소스 파일\객체\무대">
      <UniqueIdentifier>{15284452-eee7-4b13-82e3-00723fd3e19a}</UniqueIdentifier>
    </Filter>
  </ItemGroup>
  <ItemGroup>
    <ClCompile Include="Object.cpp">
      <Filter>소스 파일\객체</Filter>
    </ClCompile>
    <ClCompile Include="Random.cpp">
      <Filter>소스 파일</Filter>
    </ClCompile>
    <ClCompile Include="Coordinate_system.cpp">
      <Filter>소스 파일\객체\좌표계</Filter>
    </ClCompile>
    <ClCompile Include="Hexahedron.cpp">
      <Filter>소스 파일\객체\정육면체</Filter>
    </ClCompile>
    <ClCompile Include="Orbit.cpp">
      <Filter>소스 파일\객체\궤도</Filter>
    </ClCompile>
    <ClCompile Include="Planet.cpp">
      <Filter>소스 파일\객체\행성</Filter>
    </ClCompile>
    <ClCompile Include="Square_horn.cpp">
      <Filter>소스 파일\객체\사각뿔</Filter>
    </ClCompile>
    <ClCompile Include="practice_17.cpp">
      <Filter>소스 파일\메인 파일</Filter>
    </ClCompile>
    <ClCompile Include="practice_19.cpp">
      <Filter>소스 파일\메인 파일</Filter>
    </ClCompile>
    <ClCompile Include="base.cpp">
      <Filter>소스 파일\메인 파일</Filter>
    </ClCompile>
    <ClCompile Include="Tank_low_body.cpp">
      <Filter>소스 파일\객체\탱크</Filter>
    </ClCompile>
    <ClCompile Include="Tank_middle_body.cpp">
      <Filter>소스 파일\객체\탱크</Filter>
    </ClCompile>
    <ClCompile Include="Tank_top_body.cpp">
      <Filter>소스 파일\객체\탱크</Filter>
    </ClCompile>
    <ClCompile Include="cannon.cpp">
      <Filter>소스 파일\객체\탱크</Filter>
    </ClCompile>
    <ClCompile Include="Tank_flag.cpp">
      <Filter>소스 파일\객체\탱크</Filter>
    </ClCompile>
    <ClCompile Include="Ground.cpp">
      <Filter>소스 파일\객체\바닥</Filter>
    </ClCompile>
    <ClCompile Include="practice_20.cpp">
      <Filter>소스 파일\메인 파일</Filter>
    </ClCompile>
    <ClCompile Include="practice_22.cpp">
      <Filter>소스 파일\메인 파일</Filter>
    </ClCompile>
    <ClCompile Include="Stage.cpp">
      <Filter>소스 파일\객체\무대</Filter>
    </ClCompile>
  </ItemGroup>
  <ItemGroup>
    <ClInclude Include="pch.h">
      <Filter>헤더 파일</Filter>
    </ClInclude>
    <ClInclude Include="Object.h">
      <Filter>소스 파일\객체</Filter>
    </ClInclude>
    <ClInclude Include="Coordinate_system.h">
      <Filter>소스 파일\객체\좌표계</Filter>
    </ClInclude>
    <ClInclude Include="Hexahedron.h">
      <Filter>소스 파일\객체\정육면체</Filter>
    </ClInclude>
    <ClInclude Include="Orbit.h">
      <Filter>소스 파일\객체\궤도</Filter>
    </ClInclude>
    <ClInclude Include="Planet.h">
      <Filter>소스 파일\객체\행성</Filter>
    </ClInclude>
    <ClInclude Include="Square_horn.h">
      <Filter>소스 파일\객체\사각뿔</Filter>
    </ClInclude>
    <ClInclude Include="TreeNode.h">
      <Filter>소스 파일\트리 구조</Filter>
    </ClInclude>
    <ClInclude Include="TankPart.h">
      <Filter>소스 파일\객체\탱크</Filter>
    </ClInclude>
    <ClInclude Include="Tank_low_body.h">
      <Filter>소스 파일\객체\탱크</Filter>
    </ClInclude>
    <ClInclude Include="Tank_middle_body.h">
      <Filter>소스 파일\객체\탱크</Filter>
    </ClInclude>
    <ClInclude Include="Tank_top_body.h">
      <Filter>소스 파일\객체\탱크</Filter>
    </ClInclude>
    <ClInclude Include="cannon.h">
      <Filter>소스 파일\객체\탱크</Filter>
    </ClInclude>
    <ClInclude Include="Tank_flag.h">
      <Filter>소스 파일\객체\탱크</Filter>
    </ClInclude>
    <ClInclude Include="Ground.h">
      <Filter>소스 파일\객체\바닥</Filter>
    </ClInclude>
    <ClInclude Include="Stage.h">
      <Filter>소스 파일\객체\무대</Filter>
    </ClInclude>
  </ItemGroup>
  <ItemGroup>
    <None Include="fragment.glsl">
      <Filter>소스 파일\셰이더 파일</Filter>
    </None>
    <None Include="vertex.glsl">
      <Filter>소스 파일\셰이더 파일</Filter>
    </None>
  </ItemGroup>
</Project>